
Microsoft Visual Studio Solution File, Format Version 12.00
# Visual Studio Version 17
VisualStudioVersion = 17.12.35707.178
MinimumVisualStudioVersion = 10.0.40219.1
Project("{2150E333-8FDC-42A3-9474-1A3956D46DE8}") = "backend", "backend", "{1AE8ACA6-933B-BF2A-3671-3E2EAC007D16}"
EndProject
Project("{2150E333-8FDC-42A3-9474-1A3956D46DE8}") = "Identity", "Identity", "{1CDBFED4-3F69-71CE-6615-DAC2D2BC56C3}"
EndProject
Project("{FAE04EC0-301F-11D3-BF4B-00C04F79EFBC}") = "Identity.Contracts", "backend\Identity\Identity.Contracts\Identity.Contracts.csproj", "{544EE8AC-35E8-4059-9812-2B376F41C18B}"
EndProject
Project("{FAE04EC0-301F-11D3-BF4B-00C04F79EFBC}") = "Identity.Services", "backend\Identity\Identity.Services\Identity.Services.csproj", "{D492FFDA-3961-497B-A0B1-156C0A50AF8E}"
EndProject
Project("{FAE04EC0-301F-11D3-BF4B-00C04F79EFBC}") = "Identity.DataAccess", "backend\Identity\Identity.DataAccess\Identity.DataAccess.csproj", "{CE129848-42F7-4B71-AEC1-34A5F1505BE8}"
EndProject
Project("{FAE04EC0-301F-11D3-BF4B-00C04F79EFBC}") = "Identity.Client", "backend\Identity\Identity.Client\Identity.Client.csproj", "{0375C483-5053-4DA5-A9F3-CFA144C95FEE}"
EndProject
Project("{FAE04EC0-301F-11D3-BF4B-00C04F79EFBC}") = "Identity.Client.Contracts", "backend\Identity\Identity.Client.Contracts\Identity.Client.Contracts.csproj", "{592A7C03-F7A2-46E8-AE1B-1F9DEE631B70}"
EndProject
Project("{FAE04EC0-301F-11D3-BF4B-00C04F79EFBC}") = "Identity.Events.Contracts", "backend\Identity\Identity.Events.Contracts\Identity.Events.Contracts.csproj", "{25E1EAA5-B0C5-4CEB-95BC-3069AB9973A2}"
EndProject
Project("{FAE04EC0-301F-11D3-BF4B-00C04F79EFBC}") = "Identity.Events", "backend\Identity\Identity.Events\Identity.Events.csproj", "{6E67B38C-6D09-451D-A7F1-3C4EC0548C78}"
EndProject
Project("{FAE04EC0-301F-11D3-BF4B-00C04F79EFBC}") = "Identity.DI", "backend\Identity\Identity.DI\Identity.DI.csproj", "{D12775EA-5E8D-400E-9FDB-CC22860F7BDF}"
EndProject
Project("{2150E333-8FDC-42A3-9474-1A3956D46DE8}") = "AccountManagement", "AccountManagement", "{158EEB1E-C387-7BB1-ACAE-9D80DF987EE4}"
EndProject
Project("{FAE04EC0-301F-11D3-BF4B-00C04F79EFBC}") = "Facade.AccountManagement.Contracts", "backend\AccountManagement\Facade.AccountManagement.Contracts\Facade.AccountManagement.Contracts.csproj", "{1F770B94-C78B-4EDA-AD73-61DD560DE878}"
EndProject
Project("{FAE04EC0-301F-11D3-BF4B-00C04F79EFBC}") = "Facade.AccountManagement.Services", "backend\AccountManagement\Facade.AccountManagement.Services\Facade.AccountManagement.Services.csproj", "{D5E8E358-291C-4F19-BC2D-E380C1AF546D}"
EndProject
Project("{FAE04EC0-301F-11D3-BF4B-00C04F79EFBC}") = "Facade.AccountManagement.Controllers", "backend\AccountManagement\Facade.AccountManagement.Controllers\Facade.AccountManagement.Controllers.csproj", "{C5E87AA0-53C2-4948-B2FD-1A4120EC5B97}"
EndProject
Project("{FAE04EC0-301F-11D3-BF4B-00C04F79EFBC}") = "Facade.AccountManagement.DI", "backend\AccountManagement\Facade.AccountManagement.DI\Facade.AccountManagement.DI.csproj", "{11A52EF6-081F-41D4-B95E-B98BC38F1189}"
EndProject
Project("{FAE04EC0-301F-11D3-BF4B-00C04F79EFBC}") = "Facade.API", "backend\Facade.API\Facade.API.csproj", "{3594F8E8-5A88-4A76-B0B6-19160FEB4753}"
EndProject
Global
	GlobalSection(SolutionConfigurationPlatforms) = preSolution
		Debug|Any CPU = Debug|Any CPU
		Debug|x64 = Debug|x64
		Debug|x86 = Debug|x86
		Release|Any CPU = Release|Any CPU
		Release|x64 = Release|x64
		Release|x86 = Release|x86
	EndGlobalSection
	GlobalSection(ProjectConfigurationPlatforms) = postSolution
		{544EE8AC-35E8-4059-9812-2B376F41C18B}.Debug|Any CPU.ActiveCfg = Debug|Any CPU
		{544EE8AC-35E8-4059-9812-2B376F41C18B}.Debug|Any CPU.Build.0 = Debug|Any CPU
		{544EE8AC-35E8-4059-9812-2B376F41C18B}.Debug|x64.ActiveCfg = Debug|Any CPU
		{544EE8AC-35E8-4059-9812-2B376F41C18B}.Debug|x64.Build.0 = Debug|Any CPU
		{544EE8AC-35E8-4059-9812-2B376F41C18B}.Debug|x86.ActiveCfg = Debug|Any CPU
		{544EE8AC-35E8-4059-9812-2B376F41C18B}.Debug|x86.Build.0 = Debug|Any CPU
		{544EE8AC-35E8-4059-9812-2B376F41C18B}.Release|Any CPU.ActiveCfg = Release|Any CPU
		{544EE8AC-35E8-4059-9812-2B376F41C18B}.Release|Any CPU.Build.0 = Release|Any CPU
		{544EE8AC-35E8-4059-9812-2B376F41C18B}.Release|x64.ActiveCfg = Release|Any CPU
		{544EE8AC-35E8-4059-9812-2B376F41C18B}.Release|x64.Build.0 = Release|Any CPU
		{544EE8AC-35E8-4059-9812-2B376F41C18B}.Release|x86.ActiveCfg = Release|Any CPU
		{544EE8AC-35E8-4059-9812-2B376F41C18B}.Release|x86.Build.0 = Release|Any CPU
		{D492FFDA-3961-497B-A0B1-156C0A50AF8E}.Debug|Any CPU.ActiveCfg = Debug|Any CPU
		{D492FFDA-3961-497B-A0B1-156C0A50AF8E}.Debug|Any CPU.Build.0 = Debug|Any CPU
		{D492FFDA-3961-497B-A0B1-156C0A50AF8E}.Debug|x64.ActiveCfg = Debug|Any CPU
		{D492FFDA-3961-497B-A0B1-156C0A50AF8E}.Debug|x64.Build.0 = Debug|Any CPU
		{D492FFDA-3961-497B-A0B1-156C0A50AF8E}.Debug|x86.ActiveCfg = Debug|Any CPU
		{D492FFDA-3961-497B-A0B1-156C0A50AF8E}.Debug|x86.Build.0 = Debug|Any CPU
		{D492FFDA-3961-497B-A0B1-156C0A50AF8E}.Release|Any CPU.ActiveCfg = Release|Any CPU
		{D492FFDA-3961-497B-A0B1-156C0A50AF8E}.Release|Any CPU.Build.0 = Release|Any CPU
		{D492FFDA-3961-497B-A0B1-156C0A50AF8E}.Release|x64.ActiveCfg = Release|Any CPU
		{D492FFDA-3961-497B-A0B1-156C0A50AF8E}.Release|x64.Build.0 = Release|Any CPU
		{D492FFDA-3961-497B-A0B1-156C0A50AF8E}.Release|x86.ActiveCfg = Release|Any CPU
		{D492FFDA-3961-497B-A0B1-156C0A50AF8E}.Release|x86.Build.0 = Release|Any CPU
		{CE129848-42F7-4B71-AEC1-34A5F1505BE8}.Debug|Any CPU.ActiveCfg = Debug|Any CPU
		{CE129848-42F7-4B71-AEC1-34A5F1505BE8}.Debug|Any CPU.Build.0 = Debug|Any CPU
		{CE129848-42F7-4B71-AEC1-34A5F1505BE8}.Debug|x64.ActiveCfg = Debug|Any CPU
		{CE129848-42F7-4B71-AEC1-34A5F1505BE8}.Debug|x64.Build.0 = Debug|Any CPU
		{CE129848-42F7-4B71-AEC1-34A5F1505BE8}.Debug|x86.ActiveCfg = Debug|Any CPU
		{CE129848-42F7-4B71-AEC1-34A5F1505BE8}.Debug|x86.Build.0 = Debug|Any CPU
		{CE129848-42F7-4B71-AEC1-34A5F1505BE8}.Release|Any CPU.ActiveCfg = Release|Any CPU
		{CE129848-42F7-4B71-AEC1-34A5F1505BE8}.Release|Any CPU.Build.0 = Release|Any CPU
		{CE129848-42F7-4B71-AEC1-34A5F1505BE8}.Release|x64.ActiveCfg = Release|Any CPU
		{CE129848-42F7-4B71-AEC1-34A5F1505BE8}.Release|x64.Build.0 = Release|Any CPU
		{CE129848-42F7-4B71-AEC1-34A5F1505BE8}.Release|x86.ActiveCfg = Release|Any CPU
		{CE129848-42F7-4B71-AEC1-34A5F1505BE8}.Release|x86.Build.0 = Release|Any CPU
		{0375C483-5053-4DA5-A9F3-CFA144C95FEE}.Debug|Any CPU.ActiveCfg = Debug|Any CPU
		{0375C483-5053-4DA5-A9F3-CFA144C95FEE}.Debug|Any CPU.Build.0 = Debug|Any CPU
		{0375C483-5053-4DA5-A9F3-CFA144C95FEE}.Debug|x64.ActiveCfg = Debug|Any CPU
		{0375C483-5053-4DA5-A9F3-CFA144C95FEE}.Debug|x64.Build.0 = Debug|Any CPU
		{0375C483-5053-4DA5-A9F3-CFA144C95FEE}.Debug|x86.ActiveCfg = Debug|Any CPU
		{0375C483-5053-4DA5-A9F3-CFA144C95FEE}.Debug|x86.Build.0 = Debug|Any CPU
		{0375C483-5053-4DA5-A9F3-CFA144C95FEE}.Release|Any CPU.ActiveCfg = Release|Any CPU
		{0375C483-5053-4DA5-A9F3-CFA144C95FEE}.Release|Any CPU.Build.0 = Release|Any CPU
		{0375C483-5053-4DA5-A9F3-CFA144C95FEE}.Release|x64.ActiveCfg = Release|Any CPU
		{0375C483-5053-4DA5-A9F3-CFA144C95FEE}.Release|x64.Build.0 = Release|Any CPU
		{0375C483-5053-4DA5-A9F3-CFA144C95FEE}.Release|x86.ActiveCfg = Release|Any CPU
		{0375C483-5053-4DA5-A9F3-CFA144C95FEE}.Release|x86.Build.0 = Release|Any CPU
		{592A7C03-F7A2-46E8-AE1B-1F9DEE631B70}.Debug|Any CPU.ActiveCfg = Debug|Any CPU
		{592A7C03-F7A2-46E8-AE1B-1F9DEE631B70}.Debug|Any CPU.Build.0 = Debug|Any CPU
		{592A7C03-F7A2-46E8-AE1B-1F9DEE631B70}.Debug|x64.ActiveCfg = Debug|Any CPU
		{592A7C03-F7A2-46E8-AE1B-1F9DEE631B70}.Debug|x64.Build.0 = Debug|Any CPU
		{592A7C03-F7A2-46E8-AE1B-1F9DEE631B70}.Debug|x86.ActiveCfg = Debug|Any CPU
		{592A7C03-F7A2-46E8-AE1B-1F9DEE631B70}.Debug|x86.Build.0 = Debug|Any CPU
		{592A7C03-F7A2-46E8-AE1B-1F9DEE631B70}.Release|Any CPU.ActiveCfg = Release|Any CPU
		{592A7C03-F7A2-46E8-AE1B-1F9DEE631B70}.Release|Any CPU.Build.0 = Release|Any CPU
		{592A7C03-F7A2-46E8-AE1B-1F9DEE631B70}.Release|x64.ActiveCfg = Release|Any CPU
		{592A7C03-F7A2-46E8-AE1B-1F9DEE631B70}.Release|x64.Build.0 = Release|Any CPU
		{592A7C03-F7A2-46E8-AE1B-1F9DEE631B70}.Release|x86.ActiveCfg = Release|Any CPU
		{592A7C03-F7A2-46E8-AE1B-1F9DEE631B70}.Release|x86.Build.0 = Release|Any CPU
		{25E1EAA5-B0C5-4CEB-95BC-3069AB9973A2}.Debug|Any CPU.ActiveCfg = Debug|Any CPU
		{25E1EAA5-B0C5-4CEB-95BC-3069AB9973A2}.Debug|Any CPU.Build.0 = Debug|Any CPU
		{25E1EAA5-B0C5-4CEB-95BC-3069AB9973A2}.Debug|x64.ActiveCfg = Debug|Any CPU
		{25E1EAA5-B0C5-4CEB-95BC-3069AB9973A2}.Debug|x64.Build.0 = Debug|Any CPU
		{25E1EAA5-B0C5-4CEB-95BC-3069AB9973A2}.Debug|x86.ActiveCfg = Debug|Any CPU
		{25E1EAA5-B0C5-4CEB-95BC-3069AB9973A2}.Debug|x86.Build.0 = Debug|Any CPU
		{25E1EAA5-B0C5-4CEB-95BC-3069AB9973A2}.Release|Any CPU.ActiveCfg = Release|Any CPU
		{25E1EAA5-B0C5-4CEB-95BC-3069AB9973A2}.Release|Any CPU.Build.0 = Release|Any CPU
		{25E1EAA5-B0C5-4CEB-95BC-3069AB9973A2}.Release|x64.ActiveCfg = Release|Any CPU
		{25E1EAA5-B0C5-4CEB-95BC-3069AB9973A2}.Release|x64.Build.0 = Release|Any CPU
		{25E1EAA5-B0C5-4CEB-95BC-3069AB9973A2}.Release|x86.ActiveCfg = Release|Any CPU
		{25E1EAA5-B0C5-4CEB-95BC-3069AB9973A2}.Release|x86.Build.0 = Release|Any CPU
		{6E67B38C-6D09-451D-A7F1-3C4EC0548C78}.Debug|Any CPU.ActiveCfg = Debug|Any CPU
		{6E67B38C-6D09-451D-A7F1-3C4EC0548C78}.Debug|Any CPU.Build.0 = Debug|Any CPU
		{6E67B38C-6D09-451D-A7F1-3C4EC0548C78}.Debug|x64.ActiveCfg = Debug|Any CPU
		{6E67B38C-6D09-451D-A7F1-3C4EC0548C78}.Debug|x64.Build.0 = Debug|Any CPU
		{6E67B38C-6D09-451D-A7F1-3C4EC0548C78}.Debug|x86.ActiveCfg = Debug|Any CPU
		{6E67B38C-6D09-451D-A7F1-3C4EC0548C78}.Debug|x86.Build.0 = Debug|Any CPU
		{6E67B38C-6D09-451D-A7F1-3C4EC0548C78}.Release|Any CPU.ActiveCfg = Release|Any CPU
		{6E67B38C-6D09-451D-A7F1-3C4EC0548C78}.Release|Any CPU.Build.0 = Release|Any CPU
		{6E67B38C-6D09-451D-A7F1-3C4EC0548C78}.Release|x64.ActiveCfg = Release|Any CPU
		{6E67B38C-6D09-451D-A7F1-3C4EC0548C78}.Release|x64.Build.0 = Release|Any CPU
		{6E67B38C-6D09-451D-A7F1-3C4EC0548C78}.Release|x86.ActiveCfg = Release|Any CPU
		{6E67B38C-6D09-451D-A7F1-3C4EC0548C78}.Release|x86.Build.0 = Release|Any CPU
		{D12775EA-5E8D-400E-9FDB-CC22860F7BDF}.Debug|Any CPU.ActiveCfg = Debug|Any CPU
		{D12775EA-5E8D-400E-9FDB-CC22860F7BDF}.Debug|Any CPU.Build.0 = Debug|Any CPU
		{D12775EA-5E8D-400E-9FDB-CC22860F7BDF}.Debug|x64.ActiveCfg = Debug|Any CPU
		{D12775EA-5E8D-400E-9FDB-CC22860F7BDF}.Debug|x64.Build.0 = Debug|Any CPU
		{D12775EA-5E8D-400E-9FDB-CC22860F7BDF}.Debug|x86.ActiveCfg = Debug|Any CPU
		{D12775EA-5E8D-400E-9FDB-CC22860F7BDF}.Debug|x86.Build.0 = Debug|Any CPU
		{D12775EA-5E8D-400E-9FDB-CC22860F7BDF}.Release|Any CPU.ActiveCfg = Release|Any CPU
		{D12775EA-5E8D-400E-9FDB-CC22860F7BDF}.Release|Any CPU.Build.0 = Release|Any CPU
		{D12775EA-5E8D-400E-9FDB-CC22860F7BDF}.Release|x64.ActiveCfg = Release|Any CPU
		{D12775EA-5E8D-400E-9FDB-CC22860F7BDF}.Release|x64.Build.0 = Release|Any CPU
		{D12775EA-5E8D-400E-9FDB-CC22860F7BDF}.Release|x86.ActiveCfg = Release|Any CPU
		{D12775EA-5E8D-400E-9FDB-CC22860F7BDF}.Release|x86.Build.0 = Release|Any CPU
		{1F770B94-C78B-4EDA-AD73-61DD560DE878}.Debug|Any CPU.ActiveCfg = Debug|Any CPU
		{1F770B94-C78B-4EDA-AD73-61DD560DE878}.Debug|Any CPU.Build.0 = Debug|Any CPU
		{1F770B94-C78B-4EDA-AD73-61DD560DE878}.Debug|x64.ActiveCfg = Debug|Any CPU
		{1F770B94-C78B-4EDA-AD73-61DD560DE878}.Debug|x64.Build.0 = Debug|Any CPU
		{1F770B94-C78B-4EDA-AD73-61DD560DE878}.Debug|x86.ActiveCfg = Debug|Any CPU
		{1F770B94-C78B-4EDA-AD73-61DD560DE878}.Debug|x86.Build.0 = Debug|Any CPU
		{1F770B94-C78B-4EDA-AD73-61DD560DE878}.Release|Any CPU.ActiveCfg = Release|Any CPU
		{1F770B94-C78B-4EDA-AD73-61DD560DE878}.Release|Any CPU.Build.0 = Release|Any CPU
		{1F770B94-C78B-4EDA-AD73-61DD560DE878}.Release|x64.ActiveCfg = Release|Any CPU
		{1F770B94-C78B-4EDA-AD73-61DD560DE878}.Release|x64.Build.0 = Release|Any CPU
		{1F770B94-C78B-4EDA-AD73-61DD560DE878}.Release|x86.ActiveCfg = Release|Any CPU
		{1F770B94-C78B-4EDA-AD73-61DD560DE878}.Release|x86.Build.0 = Release|Any CPU
		{D5E8E358-291C-4F19-BC2D-E380C1AF546D}.Debug|Any CPU.ActiveCfg = Debug|Any CPU
		{D5E8E358-291C-4F19-BC2D-E380C1AF546D}.Debug|Any CPU.Build.0 = Debug|Any CPU
		{D5E8E358-291C-4F19-BC2D-E380C1AF546D}.Debug|x64.ActiveCfg = Debug|Any CPU
		{D5E8E358-291C-4F19-BC2D-E380C1AF546D}.Debug|x64.Build.0 = Debug|Any CPU
		{D5E8E358-291C-4F19-BC2D-E380C1AF546D}.Debug|x86.ActiveCfg = Debug|Any CPU
		{D5E8E358-291C-4F19-BC2D-E380C1AF546D}.Debug|x86.Build.0 = Debug|Any CPU
		{D5E8E358-291C-4F19-BC2D-E380C1AF546D}.Release|Any CPU.ActiveCfg = Release|Any CPU
		{D5E8E358-291C-4F19-BC2D-E380C1AF546D}.Release|Any CPU.Build.0 = Release|Any CPU
		{D5E8E358-291C-4F19-BC2D-E380C1AF546D}.Release|x64.ActiveCfg = Release|Any CPU
		{D5E8E358-291C-4F19-BC2D-E380C1AF546D}.Release|x64.Build.0 = Release|Any CPU
		{D5E8E358-291C-4F19-BC2D-E380C1AF546D}.Release|x86.ActiveCfg = Release|Any CPU
		{D5E8E358-291C-4F19-BC2D-E380C1AF546D}.Release|x86.Build.0 = Release|Any CPU
		{C5E87AA0-53C2-4948-B2FD-1A4120EC5B97}.Debug|Any CPU.ActiveCfg = Debug|Any CPU
		{C5E87AA0-53C2-4948-B2FD-1A4120EC5B97}.Debug|Any CPU.Build.0 = Debug|Any CPU
		{C5E87AA0-53C2-4948-B2FD-1A4120EC5B97}.Debug|x64.ActiveCfg = Debug|Any CPU
		{C5E87AA0-53C2-4948-B2FD-1A4120EC5B97}.Debug|x64.Build.0 = Debug|Any CPU
		{C5E87AA0-53C2-4948-B2FD-1A4120EC5B97}.Debug|x86.ActiveCfg = Debug|Any CPU
		{C5E87AA0-53C2-4948-B2FD-1A4120EC5B97}.Debug|x86.Build.0 = Debug|Any CPU
		{C5E87AA0-53C2-4948-B2FD-1A4120EC5B97}.Release|Any CPU.ActiveCfg = Release|Any CPU
		{C5E87AA0-53C2-4948-B2FD-1A4120EC5B97}.Release|Any CPU.Build.0 = Release|Any CPU
		{C5E87AA0-53C2-4948-B2FD-1A4120EC5B97}.Release|x64.ActiveCfg = Release|Any CPU
		{C5E87AA0-53C2-4948-B2FD-1A4120EC5B97}.Release|x64.Build.0 = Release|Any CPU
		{C5E87AA0-53C2-4948-B2FD-1A4120EC5B97}.Release|x86.ActiveCfg = Release|Any CPU
		{C5E87AA0-53C2-4948-B2FD-1A4120EC5B97}.Release|x86.Build.0 = Release|Any CPU
		{11A52EF6-081F-41D4-B95E-B98BC38F1189}.Debug|Any CPU.ActiveCfg = Debug|Any CPU
		{11A52EF6-081F-41D4-B95E-B98BC38F1189}.Debug|Any CPU.Build.0 = Debug|Any CPU
		{11A52EF6-081F-41D4-B95E-B98BC38F1189}.Debug|x64.ActiveCfg = Debug|Any CPU
		{11A52EF6-081F-41D4-B95E-B98BC38F1189}.Debug|x64.Build.0 = Debug|Any CPU
		{11A52EF6-081F-41D4-B95E-B98BC38F1189}.Debug|x86.ActiveCfg = Debug|Any CPU
		{11A52EF6-081F-41D4-B95E-B98BC38F1189}.Debug|x86.Build.0 = Debug|Any CPU
		{11A52EF6-081F-41D4-B95E-B98BC38F1189}.Release|Any CPU.ActiveCfg = Release|Any CPU
		{11A52EF6-081F-41D4-B95E-B98BC38F1189}.Release|Any CPU.Build.0 = Release|Any CPU
		{11A52EF6-081F-41D4-B95E-B98BC38F1189}.Release|x64.ActiveCfg = Release|Any CPU
		{11A52EF6-081F-41D4-B95E-B98BC38F1189}.Release|x64.Build.0 = Release|Any CPU
		{11A52EF6-081F-41D4-B95E-B98BC38F1189}.Release|x86.ActiveCfg = Release|Any CPU
		{11A52EF6-081F-41D4-B95E-B98BC38F1189}.Release|x86.Build.0 = Release|Any CPU
		{3594F8E8-5A88-4A76-B0B6-19160FEB4753}.Debug|Any CPU.ActiveCfg = Debug|Any CPU
		{3594F8E8-5A88-4A76-B0B6-19160FEB4753}.Debug|Any CPU.Build.0 = Debug|Any CPU
		{3594F8E8-5A88-4A76-B0B6-19160FEB4753}.Debug|x64.ActiveCfg = Debug|Any CPU
		{3594F8E8-5A88-4A76-B0B6-19160FEB4753}.Debug|x64.Build.0 = Debug|Any CPU
		{3594F8E8-5A88-4A76-B0B6-19160FEB4753}.Debug|x86.ActiveCfg = Debug|Any CPU
		{3594F8E8-5A88-4A76-B0B6-19160FEB4753}.Debug|x86.Build.0 = Debug|Any CPU
		{3594F8E8-5A88-4A76-B0B6-19160FEB4753}.Release|Any CPU.ActiveCfg = Release|Any CPU
		{3594F8E8-5A88-4A76-B0B6-19160FEB4753}.Release|Any CPU.Build.0 = Release|Any CPU
		{3594F8E8-5A88-4A76-B0B6-19160FEB4753}.Release|x64.ActiveCfg = Release|Any CPU
		{3594F8E8-5A88-4A76-B0B6-19160FEB4753}.Release|x64.Build.0 = Release|Any CPU
		{3594F8E8-5A88-4A76-B0B6-19160FEB4753}.Release|x86.ActiveCfg = Release|Any CPU
		{3594F8E8-5A88-4A76-B0B6-19160FEB4753}.Release|x86.Build.0 = Release|Any CPU
	EndGlobalSection
	GlobalSection(SolutionProperties) = preSolution
		HideSolutionNode = FALSE
	EndGlobalSection
	GlobalSection(NestedProjects) = preSolution
		{1CDBFED4-3F69-71CE-6615-DAC2D2BC56C3} = {1AE8ACA6-933B-BF2A-3671-3E2EAC007D16}
		{544EE8AC-35E8-4059-9812-2B376F41C18B} = {1CDBFED4-3F69-71CE-6615-DAC2D2BC56C3}
		{D492FFDA-3961-497B-A0B1-156C0A50AF8E} = {1CDBFED4-3F69-71CE-6615-DAC2D2BC56C3}
		{CE129848-42F7-4B71-AEC1-34A5F1505BE8} = {1CDBFED4-3F69-71CE-6615-DAC2D2BC56C3}
		{0375C483-5053-4DA5-A9F3-CFA144C95FEE} = {1CDBFED4-3F69-71CE-6615-DAC2D2BC56C3}
		{592A7C03-F7A2-46E8-AE1B-1F9DEE631B70} = {1CDBFED4-3F69-71CE-6615-DAC2D2BC56C3}
		{25E1EAA5-B0C5-4CEB-95BC-3069AB9973A2} = {1CDBFED4-3F69-71CE-6615-DAC2D2BC56C3}
		{6E67B38C-6D09-451D-A7F1-3C4EC0548C78} = {1CDBFED4-3F69-71CE-6615-DAC2D2BC56C3}
		{D12775EA-5E8D-400E-9FDB-CC22860F7BDF} = {1CDBFED4-3F69-71CE-6615-DAC2D2BC56C3}
		{158EEB1E-C387-7BB1-ACAE-9D80DF987EE4} = {1AE8ACA6-933B-BF2A-3671-3E2EAC007D16}
		{1F770B94-C78B-4EDA-AD73-61DD560DE878} = {158EEB1E-C387-7BB1-ACAE-9D80DF987EE4}
		{D5E8E358-291C-4F19-BC2D-E380C1AF546D} = {158EEB1E-C387-7BB1-ACAE-9D80DF987EE4}
		{C5E87AA0-53C2-4948-B2FD-1A4120EC5B97} = {158EEB1E-C387-7BB1-ACAE-9D80DF987EE4}
		{11A52EF6-081F-41D4-B95E-B98BC38F1189} = {158EEB1E-C387-7BB1-ACAE-9D80DF987EE4}
		{3594F8E8-5A88-4A76-B0B6-19160FEB4753} = {1AE8ACA6-933B-BF2A-3671-3E2EAC007D16}
	EndGlobalSection
EndGlobal
